
Microsoft Visual Studio Solution File, Format Version 12.00
# Visual Studio Version 17
VisualStudioVersion = 17.8.34511.84
MinimumVisualStudioVersion = 10.0.40219.1
Project("{FAE04EC0-301F-11D3-BF4B-00C04F79EFBC}") = "PS-01-03-2024", "PS-01-03-2024.csproj", "{BD69E1D5-0A27-46F2-B9BF-A6DDA57E8934}"
EndProject
Global
	GlobalSection(SolutionConfigurationPlatforms) = preSolution
		Debug|Any CPU = Debug|Any CPU
		Release|Any CPU = Release|Any CPU
	EndGlobalSection
	GlobalSection(ProjectConfigurationPlatforms) = postSolution
		{BD69E1D5-0A27-46F2-B9BF-A6DDA57E8934}.Debug|Any CPU.ActiveCfg = Debug|Any CPU
		{BD69E1D5-0A27-46F2-B9BF-A6DDA57E8934}.Debug|Any CPU.Build.0 = Debug|Any CPU
		{BD69E1D5-0A27-46F2-B9BF-A6DDA57E8934}.Release|Any CPU.ActiveCfg = Release|Any CPU
		{BD69E1D5-0A27-46F2-B9BF-A6DDA57E8934}.Release|Any CPU.Build.0 = Release|Any CPU
	EndGlobalSection
	GlobalSection(SolutionProperties) = preSolution
		HideSolutionNode = FALSE
	EndGlobalSection
	GlobalSection(ExtensibilityGlobals) = postSolution
		SolutionGuid = {FC7F6220-8806-44B6-957F-15FD6EAC58EC}
	EndGlobalSection
EndGlobal
